{
  "version": 4,
  "terraform_version": "1.3.6",
  "serial": 60,
  "lineage": "4c8c0f16-f019-ccfe-8e29-d47737be97b5",
  "outputs": {
    "tags": {
      "value": "lab",
      "type": "string"
    },
    "vmazurerm_linux_virtual_machine": {
      "value": [
        [
          "rick-test-machine-0"
        ],
        [
          "rick-test-machine-1"
        ]
      ],
      "type": [
        "tuple",
        [
          [
            "tuple",
            [
              "string"
            ]
          ],
          [
            "tuple",
            [
              "string"
            ]
          ]
        ]
      ]
    }
  },
  "resources": [
    {
      "mode": "managed",
      "type": "azurerm_linux_virtual_machine",
      "name": "rick_vm",
      "provider": "provider[\"registry.terraform.io/hashicorp/azurerm\"]",
      "instances": [
        {
          "index_key": 0,
          "schema_version": 0,
          "attributes": {
            "additional_capabilities": [],
            "admin_password": null,
            "admin_ssh_key": [
              {
                "public_key": "ssh-rsa AAAAB3NzaC1yc2EAAAADAQABAAABgQDBvf2tvmungTBKKw6IUd8ZqxxcyJFPbtbua9diSrVgGOX2yVFvLkTDIHlsinSzxe5stNuROKv9PbR5TIVeV3fg4eCK3DnGH8h6iuwGI+LAESCsdQ8T00koXXyhzrEPjX+x+ERNHKBwb9lzdV/pzYcQs6l6GmZIkI/3l4Oc6o8GdZGQVKUx7xB4XZTfMKwsq3t/RyrtQDBf+/odFRtWLYZuPA4vCeNwJXZaQlRtotn0hCQErQ9aQA1q7mVr9eDjhdzT4UM7WPeHyT9IYpu5Jxwfe0qw5OtaHIHzM+qMB2kI53tDUI0d9K7mW3RCnEOHersBWCrdUMZTCFLcARFuIrX1U4+cT870feev+WFAbG/x02WzD3ZrVdQDobn6i0moNGQJXD9loRzx/TSTwGm7AA/onqmPu3FLed34TVcKn+wq2S5zSnYLZXXRjQ+FY45ik4ApjIMWd2rCi/M942YL93qbbqmE2Gtyfin7r12adijGkQqAuO7heJ/LpO08HPCmAos= rickyyang@Rickys-MacBook-Pro.local\n",
                "username": "adminuser"
              }
            ],
            "admin_username": "adminuser",
            "allow_extension_operations": true,
            "availability_set_id": "",
            "boot_diagnostics": [],
            "computer_name": "rick-test-machine-0",
            "custom_data": null,
            "dedicated_host_group_id": "",
            "dedicated_host_id": "",
            "disable_password_authentication": true,
            "edge_zone": "",
            "encryption_at_host_enabled": false,
            "eviction_policy": "",
            "extensions_time_budget": "PT1H30M",
            "id": "/subscriptions/6164f580-1286-4dbc-bb66-1763d054588f/resourceGroups/rick-test/providers/Microsoft.Compute/virtualMachines/rick-test-machine-0",
            "identity": [],
            "license_type": "",
            "location": "canadacentral",
            "max_bid_price": -1,
            "name": "rick-test-machine-0",
            "network_interface_ids": [
              "/subscriptions/6164f580-1286-4dbc-bb66-1763d054588f/resourceGroups/rick-test/providers/Microsoft.Network/networkInterfaces/example-nic-0"
            ],
            "os_disk": [
              {
                "caching": "ReadWrite",
                "diff_disk_settings": [],
                "disk_encryption_set_id": "",
                "disk_size_gb": 30,
                "name": "rick-test-machine-0_OsDisk_1_b2781e6bd38d440b99877a56ee2e4942",
                "storage_account_type": "Standard_LRS",
                "write_accelerator_enabled": false
              }
            ],
            "patch_mode": "ImageDefault",
            "plan": [],
            "platform_fault_domain": -1,
            "priority": "Regular",
            "private_ip_address": "10.0.2.4",
            "private_ip_addresses": [
              "10.0.2.4"
            ],
            "provision_vm_agent": true,
            "proximity_placement_group_id": "",
            "public_ip_address": "20.220.200.151",
            "public_ip_addresses": [
              "20.220.200.151"
            ],
            "resource_group_name": "rick-test",
            "secret": [],
            "secure_boot_enabled": false,
            "size": "Standard_F2",
            "source_image_id": "",
            "source_image_reference": [
              {
                "offer": "UbuntuServer",
                "publisher": "Canonical",
                "sku": "18.04-LTS",
                "version": "latest"
              }
            ],
            "tags": {
              "env": "lab"
            },
            "termination_notification": [],
            "timeouts": null,
            "user_data": "",
            "virtual_machine_id": "199c4bf6-c529-4b56-9553-80e4a067d270",
            "virtual_machine_scale_set_id": "",
            "vtpm_enabled": false,
            "zone": ""
          },
          "sensitive_attributes": [],
          "private": "eyJlMmJmYjczMC1lY2FhLTExZTYtOGY4OC0zNDM2M2JjN2M0YzAiOnsiY3JlYXRlIjoyNzAwMDAwMDAwMDAwLCJkZWxldGUiOjI3MDAwMDAwMDAwMDAsInJlYWQiOjMwMDAwMDAwMDAwMCwidXBkYXRlIjoyNzAwMDAwMDAwMDAwfX0=",
          "dependencies": [
            "azurerm_network_interface.rick_nic",
            "azurerm_public_ip.rick_publicIP",
            "azurerm_resource_group.rick_group",
            "azurerm_subnet.rick_subnet",
            "azurerm_virtual_network.rick_network"
          ]
        },
        {
          "index_key": 1,
          "schema_version": 0,
          "attributes": {
            "additional_capabilities": [],
            "admin_password": null,
            "admin_ssh_key": [
              {
                "public_key": "ssh-rsa AAAAB3NzaC1yc2EAAAADAQABAAABgQDBvf2tvmungTBKKw6IUd8ZqxxcyJFPbtbua9diSrVgGOX2yVFvLkTDIHlsinSzxe5stNuROKv9PbR5TIVeV3fg4eCK3DnGH8h6iuwGI+LAESCsdQ8T00koXXyhzrEPjX+x+ERNHKBwb9lzdV/pzYcQs6l6GmZIkI/3l4Oc6o8GdZGQVKUx7xB4XZTfMKwsq3t/RyrtQDBf+/odFRtWLYZuPA4vCeNwJXZaQlRtotn0hCQErQ9aQA1q7mVr9eDjhdzT4UM7WPeHyT9IYpu5Jxwfe0qw5OtaHIHzM+qMB2kI53tDUI0d9K7mW3RCnEOHersBWCrdUMZTCFLcARFuIrX1U4+cT870feev+WFAbG/x02WzD3ZrVdQDobn6i0moNGQJXD9loRzx/TSTwGm7AA/onqmPu3FLed34TVcKn+wq2S5zSnYLZXXRjQ+FY45ik4ApjIMWd2rCi/M942YL93qbbqmE2Gtyfin7r12adijGkQqAuO7heJ/LpO08HPCmAos= rickyyang@Rickys-MacBook-Pro.local\n",
                "username": "adminuser"
              }
            ],
            "admin_username": "adminuser",
            "allow_extension_operations": true,
            "availability_set_id": "",
            "boot_diagnostics": [],
            "computer_name": "rick-test-machine-1",
            "custom_data": null,
            "dedicated_host_group_id": "",
            "dedicated_host_id": "",
            "disable_password_authentication": true,
            "edge_zone": "",
            "encryption_at_host_enabled": false,
            "eviction_policy": "",
            "extensions_time_budget": "PT1H30M",
            "id": "/subscriptions/6164f580-1286-4dbc-bb66-1763d054588f/resourceGroups/rick-test/providers/Microsoft.Compute/virtualMachines/rick-test-machine-1",
            "identity": [],
            "license_type": "",
            "location": "canadacentral",
            "max_bid_price": -1,
            "name": "rick-test-machine-1",
            "network_interface_ids": [
              "/subscriptions/6164f580-1286-4dbc-bb66-1763d054588f/resourceGroups/rick-test/providers/Microsoft.Network/networkInterfaces/example-nic-1"
            ],
            "os_disk": [
              {
                "caching": "ReadWrite",
                "diff_disk_settings": [],
                "disk_encryption_set_id": "",
                "disk_size_gb": 30,
                "name": "rick-test-machine-1_OsDisk_1_eb6a04fcd6104b7d9182d4452a025591",
                "storage_account_type": "Standard_LRS",
                "write_accelerator_enabled": false
              }
            ],
            "patch_mode": "ImageDefault",
            "plan": [],
            "platform_fault_domain": -1,
            "priority": "Regular",
            "private_ip_address": "10.0.2.5",
            "private_ip_addresses": [
              "10.0.2.5"
            ],
            "provision_vm_agent": true,
            "proximity_placement_group_id": "",
            "public_ip_address": "20.220.200.118",
            "public_ip_addresses": [
              "20.220.200.118"
            ],
            "resource_group_name": "rick-test",
            "secret": [],
            "secure_boot_enabled": false,
            "size": "Standard_F2",
            "source_image_id": "",
            "source_image_reference": [
              {
                "offer": "UbuntuServer",
                "publisher": "Canonical",
                "sku": "18.04-LTS",
                "version": "latest"
              }
            ],
            "tags": {
              "env": "lab"
            },
            "termination_notification": [],
            "timeouts": null,
            "user_data": "",
            "virtual_machine_id": "2a98077d-2621-4877-9c61-aaf95e780c52",
            "virtual_machine_scale_set_id": "",
            "vtpm_enabled": false,
            "zone": ""
          },
          "sensitive_attributes": [],
          "private": "eyJlMmJmYjczMC1lY2FhLTExZTYtOGY4OC0zNDM2M2JjN2M0YzAiOnsiY3JlYXRlIjoyNzAwMDAwMDAwMDAwLCJkZWxldGUiOjI3MDAwMDAwMDAwMDAsInJlYWQiOjMwMDAwMDAwMDAwMCwidXBkYXRlIjoyNzAwMDAwMDAwMDAwfX0=",
          "dependencies": [
            "azurerm_network_interface.rick_nic",
            "azurerm_public_ip.rick_publicIP",
            "azurerm_resource_group.rick_group",
            "azurerm_subnet.rick_subnet",
            "azurerm_virtual_network.rick_network"
          ]
        }
      ]
    },
    {
      "mode": "managed",
      "type": "azurerm_network_interface",
      "name": "rick_nic",
      "provider": "provider[\"registry.terraform.io/hashicorp/azurerm\"]",
      "instances": [
        {
          "index_key": 0,
          "schema_version": 0,
          "attributes": {
            "applied_dns_servers": [],
            "dns_servers": [],
            "edge_zone": "",
            "enable_accelerated_networking": false,
            "enable_ip_forwarding": false,
            "id": "/subscriptions/6164f580-1286-4dbc-bb66-1763d054588f/resourceGroups/rick-test/providers/Microsoft.Network/networkInterfaces/example-nic-0",
            "internal_dns_name_label": "",
            "internal_domain_name_suffix": "f4vagfthmbgezc5llnyxs4v4za.ux.internal.cloudapp.net",
            "ip_configuration": [
              {
                "gateway_load_balancer_frontend_ip_configuration_id": "",
                "name": "internal",
                "primary": true,
                "private_ip_address": "10.0.2.4",
                "private_ip_address_allocation": "Dynamic",
                "private_ip_address_version": "IPv4",
                "public_ip_address_id": "/subscriptions/6164f580-1286-4dbc-bb66-1763d054588f/resourceGroups/rick-test/providers/Microsoft.Network/publicIPAddresses/acceptanceTestPublicIp-0",
                "subnet_id": "/subscriptions/6164f580-1286-4dbc-bb66-1763d054588f/resourceGroups/rick-test/providers/Microsoft.Network/virtualNetworks/test1_group/subnets/internal"
              }
            ],
            "location": "canadacentral",
            "mac_address": "00-0D-3A-84-12-6D",
            "name": "example-nic-0",
            "private_ip_address": "10.0.2.4",
            "private_ip_addresses": [
              "10.0.2.4"
            ],
            "resource_group_name": "rick-test",
            "tags": {},
            "timeouts": null,
            "virtual_machine_id": "/subscriptions/6164f580-1286-4dbc-bb66-1763d054588f/resourceGroups/rick-test/providers/Microsoft.Compute/virtualMachines/rick-test-machine-0"
          },
          "sensitive_attributes": [],
          "private": "eyJlMmJmYjczMC1lY2FhLTExZTYtOGY4OC0zNDM2M2JjN2M0YzAiOnsiY3JlYXRlIjoxODAwMDAwMDAwMDAwLCJkZWxldGUiOjE4MDAwMDAwMDAwMDAsInJlYWQiOjMwMDAwMDAwMDAwMCwidXBkYXRlIjoxODAwMDAwMDAwMDAwfX0=",
          "dependencies": [
            "azurerm_public_ip.rick_publicIP",
            "azurerm_resource_group.rick_group",
            "azurerm_subnet.rick_subnet",
            "azurerm_virtual_network.rick_network"
          ]
        },
        {
          "index_key": 1,
          "schema_version": 0,
          "attributes": {
            "applied_dns_servers": [],
            "dns_servers": [],
            "edge_zone": "",
            "enable_accelerated_networking": false,
            "enable_ip_forwarding": false,
            "id": "/subscriptions/6164f580-1286-4dbc-bb66-1763d054588f/resourceGroups/rick-test/providers/Microsoft.Network/networkInterfaces/example-nic-1",
            "internal_dns_name_label": "",
            "internal_domain_name_suffix": "f4vagfthmbgezc5llnyxs4v4za.ux.internal.cloudapp.net",
            "ip_configuration": [
              {
                "gateway_load_balancer_frontend_ip_configuration_id": "",
                "name": "internal",
                "primary": true,
                "private_ip_address": "10.0.2.5",
                "private_ip_address_allocation": "Dynamic",
                "private_ip_address_version": "IPv4",
                "public_ip_address_id": "/subscriptions/6164f580-1286-4dbc-bb66-1763d054588f/resourceGroups/rick-test/providers/Microsoft.Network/publicIPAddresses/acceptanceTestPublicIp-1",
                "subnet_id": "/subscriptions/6164f580-1286-4dbc-bb66-1763d054588f/resourceGroups/rick-test/providers/Microsoft.Network/virtualNetworks/test1_group/subnets/internal"
              }
            ],
            "location": "canadacentral",
            "mac_address": "00-0D-3A-84-1F-7C",
            "name": "example-nic-1",
            "private_ip_address": "10.0.2.5",
            "private_ip_addresses": [
              "10.0.2.5"
            ],
            "resource_group_name": "rick-test",
            "tags": {},
            "timeouts": null,
            "virtual_machine_id": "/subscriptions/6164f580-1286-4dbc-bb66-1763d054588f/resourceGroups/rick-test/providers/Microsoft.Compute/virtualMachines/rick-test-machine-1"
          },
          "sensitive_attributes": [],
          "private": "eyJlMmJmYjczMC1lY2FhLTExZTYtOGY4OC0zNDM2M2JjN2M0YzAiOnsiY3JlYXRlIjoxODAwMDAwMDAwMDAwLCJkZWxldGUiOjE4MDAwMDAwMDAwMDAsInJlYWQiOjMwMDAwMDAwMDAwMCwidXBkYXRlIjoxODAwMDAwMDAwMDAwfX0=",
          "dependencies": [
            "azurerm_public_ip.rick_publicIP",
            "azurerm_resource_group.rick_group",
            "azurerm_subnet.rick_subnet",
            "azurerm_virtual_network.rick_network"
          ]
        }
      ]
    },
    {
      "mode": "managed",
      "type": "azurerm_network_interface_security_group_association",
      "name": "example",
      "provider": "provider[\"registry.terraform.io/hashicorp/azurerm\"]",
      "instances": [
        {
          "index_key": 0,
          "schema_version": 0,
          "attributes": {
            "id": "/subscriptions/6164f580-1286-4dbc-bb66-1763d054588f/resourceGroups/rick-test/providers/Microsoft.Network/networkInterfaces/example-nic-0|/subscriptions/6164f580-1286-4dbc-bb66-1763d054588f/resourceGroups/rick-test/providers/Microsoft.Network/networkSecurityGroups/myNetworkSecurityGroup",
            "network_interface_id": "/subscriptions/6164f580-1286-4dbc-bb66-1763d054588f/resourceGroups/rick-test/providers/Microsoft.Network/networkInterfaces/example-nic-0",
            "network_security_group_id": "/subscriptions/6164f580-1286-4dbc-bb66-1763d054588f/resourceGroups/rick-test/providers/Microsoft.Network/networkSecurityGroups/myNetworkSecurityGroup",
            "timeouts": null
          },
          "sensitive_attributes": [],
          "private": "eyJlMmJmYjczMC1lY2FhLTExZTYtOGY4OC0zNDM2M2JjN2M0YzAiOnsiY3JlYXRlIjoxODAwMDAwMDAwMDAwLCJkZWxldGUiOjE4MDAwMDAwMDAwMDAsInJlYWQiOjMwMDAwMDAwMDAwMCwidXBkYXRlIjoxODAwMDAwMDAwMDAwfX0=",
          "dependencies": [
            "azurerm_network_interface.rick_nic",
            "azurerm_network_security_group.rick_security_group",
            "azurerm_public_ip.rick_publicIP",
            "azurerm_resource_group.rick_group",
            "azurerm_subnet.rick_subnet",
            "azurerm_virtual_network.rick_network"
          ]
        },
        {
          "index_key": 1,
          "schema_version": 0,
          "attributes": {
            "id": "/subscriptions/6164f580-1286-4dbc-bb66-1763d054588f/resourceGroups/rick-test/providers/Microsoft.Network/networkInterfaces/example-nic-1|/subscriptions/6164f580-1286-4dbc-bb66-1763d054588f/resourceGroups/rick-test/providers/Microsoft.Network/networkSecurityGroups/myNetworkSecurityGroup",
            "network_interface_id": "/subscriptions/6164f580-1286-4dbc-bb66-1763d054588f/resourceGroups/rick-test/providers/Microsoft.Network/networkInterfaces/example-nic-1",
            "network_security_group_id": "/subscriptions/6164f580-1286-4dbc-bb66-1763d054588f/resourceGroups/rick-test/providers/Microsoft.Network/networkSecurityGroups/myNetworkSecurityGroup",
            "timeouts": null
          },
          "sensitive_attributes": [],
          "private": "eyJlMmJmYjczMC1lY2FhLTExZTYtOGY4OC0zNDM2M2JjN2M0YzAiOnsiY3JlYXRlIjoxODAwMDAwMDAwMDAwLCJkZWxldGUiOjE4MDAwMDAwMDAwMDAsInJlYWQiOjMwMDAwMDAwMDAwMCwidXBkYXRlIjoxODAwMDAwMDAwMDAwfX0=",
          "dependencies": [
            "azurerm_network_interface.rick_nic",
            "azurerm_network_security_group.rick_security_group",
            "azurerm_public_ip.rick_publicIP",
            "azurerm_resource_group.rick_group",
            "azurerm_subnet.rick_subnet",
            "azurerm_virtual_network.rick_network"
          ]
        }
      ]
    },
    {
      "mode": "managed",
      "type": "azurerm_network_security_group",
      "name": "rick_security_group",
      "provider": "provider[\"registry.terraform.io/hashicorp/azurerm\"]",
      "instances": [
        {
          "schema_version": 0,
          "attributes": {
            "id": "/subscriptions/6164f580-1286-4dbc-bb66-1763d054588f/resourceGroups/rick-test/providers/Microsoft.Network/networkSecurityGroups/myNetworkSecurityGroup",
            "location": "canadacentral",
            "name": "myNetworkSecurityGroup",
            "resource_group_name": "rick-test",
            "security_rule": [
              {
                "access": "Allow",
                "description": "",
                "destination_address_prefix": "*",
                "destination_address_prefixes": [],
                "destination_application_security_group_ids": [],
                "destination_port_range": "22",
                "destination_port_ranges": [],
                "direction": "Inbound",
                "name": "SSH",
                "priority": 1001,
                "protocol": "Tcp",
                "source_address_prefix": "*",
                "source_address_prefixes": [],
                "source_application_security_group_ids": [],
                "source_port_range": "*",
                "source_port_ranges": []
              }
            ],
            "tags": {},
            "timeouts": null
          },
          "sensitive_attributes": [],
          "private": "eyJlMmJmYjczMC1lY2FhLTExZTYtOGY4OC0zNDM2M2JjN2M0YzAiOnsiY3JlYXRlIjoxODAwMDAwMDAwMDAwLCJkZWxldGUiOjE4MDAwMDAwMDAwMDAsInJlYWQiOjMwMDAwMDAwMDAwMCwidXBkYXRlIjoxODAwMDAwMDAwMDAwfX0=",
          "dependencies": [
            "azurerm_resource_group.rick_group"
          ]
        }
      ]
    },
    {
      "mode": "managed",
      "type": "azurerm_public_ip",
      "name": "rick_publicIP",
      "provider": "provider[\"registry.terraform.io/hashicorp/azurerm\"]",
      "instances": [
        {
          "index_key": 0,
          "schema_version": 0,
          "attributes": {
            "allocation_method": "Static",
            "domain_name_label": null,
            "edge_zone": "",
            "fqdn": null,
            "id": "/subscriptions/6164f580-1286-4dbc-bb66-1763d054588f/resourceGroups/rick-test/providers/Microsoft.Network/publicIPAddresses/acceptanceTestPublicIp-0",
            "idle_timeout_in_minutes": 4,
            "ip_address": "20.220.200.151",
            "ip_tags": {},
            "ip_version": "IPv4",
            "location": "canadacentral",
            "name": "acceptanceTestPublicIp-0",
            "public_ip_prefix_id": null,
            "resource_group_name": "rick-test",
            "reverse_fqdn": null,
            "sku": "Basic",
            "sku_tier": "Regional",
            "tags": {},
            "timeouts": null,
            "zones": []
          },
          "sensitive_attributes": [],
          "private": "eyJlMmJmYjczMC1lY2FhLTExZTYtOGY4OC0zNDM2M2JjN2M0YzAiOnsiY3JlYXRlIjoxODAwMDAwMDAwMDAwLCJkZWxldGUiOjE4MDAwMDAwMDAwMDAsInJlYWQiOjMwMDAwMDAwMDAwMCwidXBkYXRlIjoxODAwMDAwMDAwMDAwfX0=",
          "dependencies": [
            "azurerm_resource_group.rick_group"
          ]
        },
        {
          "index_key": 1,
          "schema_version": 0,
          "attributes": {
            "allocation_method": "Static",
            "domain_name_label": null,
            "edge_zone": "",
            "fqdn": null,
            "id": "/subscriptions/6164f580-1286-4dbc-bb66-1763d054588f/resourceGroups/rick-test/providers/Microsoft.Network/publicIPAddresses/acceptanceTestPublicIp-1",
            "idle_timeout_in_minutes": 4,
            "ip_address": "20.220.200.118",
            "ip_tags": {},
            "ip_version": "IPv4",
            "location": "canadacentral",
            "name": "acceptanceTestPublicIp-1",
            "public_ip_prefix_id": null,
            "resource_group_name": "rick-test",
            "reverse_fqdn": null,
            "sku": "Basic",
            "sku_tier": "Regional",
            "tags": {},
            "timeouts": null,
            "zones": []
          },
          "sensitive_attributes": [],
          "private": "eyJlMmJmYjczMC1lY2FhLTExZTYtOGY4OC0zNDM2M2JjN2M0YzAiOnsiY3JlYXRlIjoxODAwMDAwMDAwMDAwLCJkZWxldGUiOjE4MDAwMDAwMDAwMDAsInJlYWQiOjMwMDAwMDAwMDAwMCwidXBkYXRlIjoxODAwMDAwMDAwMDAwfX0=",
          "dependencies": [
            "azurerm_resource_group.rick_group"
          ]
        }
      ]
    },
    {
      "mode": "managed",
      "type": "azurerm_resource_group",
      "name": "rick_group",
      "provider": "provider[\"registry.terraform.io/hashicorp/azurerm\"]",
      "instances": [
        {
          "schema_version": 0,
          "attributes": {
            "id": "/subscriptions/6164f580-1286-4dbc-bb66-1763d054588f/resourceGroups/rick-test",
            "location": "canadacentral",
            "name": "rick-test",
            "tags": {},
            "timeouts": null
          },
          "sensitive_attributes": [],
          "private": "eyJlMmJmYjczMC1lY2FhLTExZTYtOGY4OC0zNDM2M2JjN2M0YzAiOnsiY3JlYXRlIjo1NDAwMDAwMDAwMDAwLCJkZWxldGUiOjU0MDAwMDAwMDAwMDAsInJlYWQiOjMwMDAwMDAwMDAwMCwidXBkYXRlIjo1NDAwMDAwMDAwMDAwfX0="
        }
      ]
    },
    {
      "mode": "managed",
      "type": "azurerm_subnet",
      "name": "rick_subnet",
      "provider": "provider[\"registry.terraform.io/hashicorp/azurerm\"]",
      "instances": [
        {
          "schema_version": 0,
          "attributes": {
            "address_prefixes": [
              "10.0.2.0/24"
            ],
            "delegation": [],
            "enforce_private_link_endpoint_network_policies": false,
            "enforce_private_link_service_network_policies": false,
            "id": "/subscriptions/6164f580-1286-4dbc-bb66-1763d054588f/resourceGroups/rick-test/providers/Microsoft.Network/virtualNetworks/test1_group/subnets/internal",
            "name": "internal",
            "resource_group_name": "rick-test",
            "service_endpoint_policy_ids": [],
            "service_endpoints": [],
            "timeouts": null,
            "virtual_network_name": "test1_group"
          },
          "sensitive_attributes": [],
          "private": "eyJlMmJmYjczMC1lY2FhLTExZTYtOGY4OC0zNDM2M2JjN2M0YzAiOnsiY3JlYXRlIjoxODAwMDAwMDAwMDAwLCJkZWxldGUiOjE4MDAwMDAwMDAwMDAsInJlYWQiOjMwMDAwMDAwMDAwMCwidXBkYXRlIjoxODAwMDAwMDAwMDAwfX0=",
          "dependencies": [
            "azurerm_resource_group.rick_group",
            "azurerm_virtual_network.rick_network"
          ]
        }
      ]
    },
    {
      "mode": "managed",
      "type": "azurerm_virtual_network",
      "name": "rick_network",
      "provider": "provider[\"registry.terraform.io/hashicorp/azurerm\"]",
      "instances": [
        {
          "schema_version": 0,
          "attributes": {
            "address_space": [
              "10.0.0.0/16"
            ],
            "bgp_community": "",
            "ddos_protection_plan": [],
            "dns_servers": [],
            "edge_zone": "",
            "flow_timeout_in_minutes": 0,
            "guid": "1603aa2f-6067-4c4c-8beb-5b71797abec8",
            "id": "/subscriptions/6164f580-1286-4dbc-bb66-1763d054588f/resourceGroups/rick-test/providers/Microsoft.Network/virtualNetworks/test1_group",
            "location": "canadacentral",
            "name": "test1_group",
            "resource_group_name": "rick-test",
            "subnet": [
              {
                "address_prefix": "10.0.2.0/24",
                "id": "/subscriptions/6164f580-1286-4dbc-bb66-1763d054588f/resourceGroups/rick-test/providers/Microsoft.Network/virtualNetworks/test1_group/subnets/internal",
                "name": "internal",
                "security_group": ""
              }
            ],
            "tags": {},
            "timeouts": null
          },
          "sensitive_attributes": [],
          "private": "eyJlMmJmYjczMC1lY2FhLTExZTYtOGY4OC0zNDM2M2JjN2M0YzAiOnsiY3JlYXRlIjoxODAwMDAwMDAwMDAwLCJkZWxldGUiOjE4MDAwMDAwMDAwMDAsInJlYWQiOjMwMDAwMDAwMDAwMCwidXBkYXRlIjoxODAwMDAwMDAwMDAwfX0=",
          "dependencies": [
            "azurerm_resource_group.rick_group"
          ]
        }
      ]
    }
  ],
  "check_results": null
}
